
Microsoft Visual Studio Solution File, Format Version 12.00
Project("{FAE04EC0-301F-11D3-BF4B-00C04F79EFBC}") = "WpfApp16", "WpfApp16\WpfApp16.csproj", "{2668E8E3-115C-466E-8871-32CCBBB2F071}"
EndProject
Global
	GlobalSection(SolutionConfigurationPlatforms) = preSolution
		Debug|Any CPU = Debug|Any CPU
		Release|Any CPU = Release|Any CPU
	EndGlobalSection
	GlobalSection(ProjectConfigurationPlatforms) = postSolution
		{2668E8E3-115C-466E-8871-32CCBBB2F071}.Debug|Any CPU.ActiveCfg = Debug|Any CPU
		{2668E8E3-115C-466E-8871-32CCBBB2F071}.Debug|Any CPU.Build.0 = Debug|Any CPU
		{2668E8E3-115C-466E-8871-32CCBBB2F071}.Release|Any CPU.ActiveCfg = Release|Any CPU
		{2668E8E3-115C-466E-8871-32CCBBB2F071}.Release|Any CPU.Build.0 = Release|Any CPU
	EndGlobalSection
EndGlobal
